
Microsoft Visual Studio Solution File, Format Version 12.00
# Visual Studio Version 16
VisualStudioVersion = 16.0.31205.134
MinimumVisualStudioVersion = 10.0.40219.1
Project("{FAE04EC0-301F-11D3-BF4B-00C04F79EFBC}") = "Training_Listing", "Training_Listing.csproj", "{192B7F2E-9A03-40B8-93BF-43F7261B28D9}"
EndProject
Global
	GlobalSection(SolutionConfigurationPlatforms) = preSolution
		Debug|Any CPU = Debug|Any CPU
		Release|Any CPU = Release|Any CPU
	EndGlobalSection
	GlobalSection(ProjectConfigurationPlatforms) = postSolution
		{192B7F2E-9A03-40B8-93BF-43F7261B28D9}.Debug|Any CPU.ActiveCfg = Debug|Any CPU
		{192B7F2E-9A03-40B8-93BF-43F7261B28D9}.Debug|Any CPU.Build.0 = Debug|Any CPU
		{192B7F2E-9A03-40B8-93BF-43F7261B28D9}.Release|Any CPU.ActiveCfg = Release|Any CPU
		{192B7F2E-9A03-40B8-93BF-43F7261B28D9}.Release|Any CPU.Build.0 = Release|Any CPU
	EndGlobalSection
	GlobalSection(SolutionProperties) = preSolution
		HideSolutionNode = FALSE
	EndGlobalSection
	GlobalSection(ExtensibilityGlobals) = postSolution
		SolutionGuid = {DD92B5A4-8D73-43B2-90A1-46D955CDB6F6}
	EndGlobalSection
EndGlobal
